
Microsoft Visual Studio Solution File, Format Version 12.00
# Visual Studio Version 17
VisualStudioVersion = 17.9.34728.123
MinimumVisualStudioVersion = 10.0.40219.1
Project("{FAE04EC0-301F-11D3-BF4B-00C04F79EFBC}") = "Book.GetWay", "Book.GetWay\Book.GetWay.csproj", "{5C71EC0D-BE47-48C4-B11A-A6379CF60D57}"
EndProject
Global
	GlobalSection(SolutionConfigurationPlatforms) = preSolution
		Debug|Any CPU = Debug|Any CPU
		Release|Any CPU = Release|Any CPU
	EndGlobalSection
	GlobalSection(ProjectConfigurationPlatforms) = postSolution
		{5C71EC0D-BE47-48C4-B11A-A6379CF60D57}.Debug|Any CPU.ActiveCfg = Debug|Any CPU
		{5C71EC0D-BE47-48C4-B11A-A6379CF60D57}.Debug|Any CPU.Build.0 = Debug|Any CPU
		{5C71EC0D-BE47-48C4-B11A-A6379CF60D57}.Release|Any CPU.ActiveCfg = Release|Any CPU
		{5C71EC0D-BE47-48C4-B11A-A6379CF60D57}.Release|Any CPU.Build.0 = Release|Any CPU
	EndGlobalSection
	GlobalSection(SolutionProperties) = preSolution
		HideSolutionNode = FALSE
	EndGlobalSection
	GlobalSection(ExtensibilityGlobals) = postSolution
		SolutionGuid = {473DC441-4811-43CF-8954-1D4FD91012AA}
	EndGlobalSection
EndGlobal
