
Microsoft Visual Studio Solution File, Format Version 12.00
# Visual Studio Version 17
VisualStudioVersion = 17.9.34728.123
MinimumVisualStudioVersion = 10.0.40219.1
Project("{FAE04EC0-301F-11D3-BF4B-00C04F79EFBC}") = "Book.Rabbit", "Book.Rabbit\Book.Rabbit.csproj", "{9A1C6C35-DA75-4973-8623-4368E784AA4F}"
EndProject
Project("{FAE04EC0-301F-11D3-BF4B-00C04F79EFBC}") = "Book.DataAccess", "Book.DataAccess\Book.DataAccess.csproj", "{5E452C6E-2D15-44FF-8ECB-73307E3F7023}"
EndProject
Project("{FAE04EC0-301F-11D3-BF4B-00C04F79EFBC}") = "Book.Model", "Book.Model\Book.Model.csproj", "{A2EFE8E9-BB7E-4A2C-976B-D3E84B52FD3C}"
EndProject
Project("{FAE04EC0-301F-11D3-BF4B-00C04F79EFBC}") = "Book.Service", "Book.Service\Book.Service.csproj", "{925B0254-DB2F-4E03-B13F-80C82A3F01C2}"
EndProject
Project("{FAE04EC0-301F-11D3-BF4B-00C04F79EFBC}") = "Book.Repository", "Book.Repository\Book.Repository.csproj", "{A7CD5F25-6758-4B73-842C-51884E2FDE6A}"
EndProject
Global
	GlobalSection(SolutionConfigurationPlatforms) = preSolution
		Debug|Any CPU = Debug|Any CPU
		Release|Any CPU = Release|Any CPU
	EndGlobalSection
	GlobalSection(ProjectConfigurationPlatforms) = postSolution
		{9A1C6C35-DA75-4973-8623-4368E784AA4F}.Debug|Any CPU.ActiveCfg = Debug|Any CPU
		{9A1C6C35-DA75-4973-8623-4368E784AA4F}.Debug|Any CPU.Build.0 = Debug|Any CPU
		{9A1C6C35-DA75-4973-8623-4368E784AA4F}.Release|Any CPU.ActiveCfg = Release|Any CPU
		{9A1C6C35-DA75-4973-8623-4368E784AA4F}.Release|Any CPU.Build.0 = Release|Any CPU
		{5E452C6E-2D15-44FF-8ECB-73307E3F7023}.Debug|Any CPU.ActiveCfg = Debug|Any CPU
		{5E452C6E-2D15-44FF-8ECB-73307E3F7023}.Debug|Any CPU.Build.0 = Debug|Any CPU
		{5E452C6E-2D15-44FF-8ECB-73307E3F7023}.Release|Any CPU.ActiveCfg = Release|Any CPU
		{5E452C6E-2D15-44FF-8ECB-73307E3F7023}.Release|Any CPU.Build.0 = Release|Any CPU
		{A2EFE8E9-BB7E-4A2C-976B-D3E84B52FD3C}.Debug|Any CPU.ActiveCfg = Debug|Any CPU
		{A2EFE8E9-BB7E-4A2C-976B-D3E84B52FD3C}.Debug|Any CPU.Build.0 = Debug|Any CPU
		{A2EFE8E9-BB7E-4A2C-976B-D3E84B52FD3C}.Release|Any CPU.ActiveCfg = Release|Any CPU
		{A2EFE8E9-BB7E-4A2C-976B-D3E84B52FD3C}.Release|Any CPU.Build.0 = Release|Any CPU
		{925B0254-DB2F-4E03-B13F-80C82A3F01C2}.Debug|Any CPU.ActiveCfg = Debug|Any CPU
		{925B0254-DB2F-4E03-B13F-80C82A3F01C2}.Debug|Any CPU.Build.0 = Debug|Any CPU
		{925B0254-DB2F-4E03-B13F-80C82A3F01C2}.Release|Any CPU.ActiveCfg = Release|Any CPU
		{925B0254-DB2F-4E03-B13F-80C82A3F01C2}.Release|Any CPU.Build.0 = Release|Any CPU
		{A7CD5F25-6758-4B73-842C-51884E2FDE6A}.Debug|Any CPU.ActiveCfg = Debug|Any CPU
		{A7CD5F25-6758-4B73-842C-51884E2FDE6A}.Debug|Any CPU.Build.0 = Debug|Any CPU
		{A7CD5F25-6758-4B73-842C-51884E2FDE6A}.Release|Any CPU.ActiveCfg = Release|Any CPU
		{A7CD5F25-6758-4B73-842C-51884E2FDE6A}.Release|Any CPU.Build.0 = Release|Any CPU
	EndGlobalSection
	GlobalSection(SolutionProperties) = preSolution
		HideSolutionNode = FALSE
	EndGlobalSection
	GlobalSection(ExtensibilityGlobals) = postSolution
		SolutionGuid = {479D736E-6D62-4DC4-901B-A2EE34286065}
	EndGlobalSection
EndGlobal
