
Microsoft Visual Studio Solution File, Format Version 12.00
# Visual Studio Version 17
VisualStudioVersion = 17.9.34728.123
MinimumVisualStudioVersion = 10.0.40219.1
Project("{FAE04EC0-301F-11D3-BF4B-00C04F79EFBC}") = "Book.Consule", "Book.Consule\Book.Consule.csproj", "{D570BB08-C935-48E6-A28C-C0C295AF3668}"
EndProject
Global
	GlobalSection(SolutionConfigurationPlatforms) = preSolution
		Debug|Any CPU = Debug|Any CPU
		Release|Any CPU = Release|Any CPU
	EndGlobalSection
	GlobalSection(ProjectConfigurationPlatforms) = postSolution
		{D570BB08-C935-48E6-A28C-C0C295AF3668}.Debug|Any CPU.ActiveCfg = Debug|Any CPU
		{D570BB08-C935-48E6-A28C-C0C295AF3668}.Debug|Any CPU.Build.0 = Debug|Any CPU
		{D570BB08-C935-48E6-A28C-C0C295AF3668}.Release|Any CPU.ActiveCfg = Release|Any CPU
		{D570BB08-C935-48E6-A28C-C0C295AF3668}.Release|Any CPU.Build.0 = Release|Any CPU
	EndGlobalSection
	GlobalSection(SolutionProperties) = preSolution
		HideSolutionNode = FALSE
	EndGlobalSection
	GlobalSection(ExtensibilityGlobals) = postSolution
		SolutionGuid = {EA314E9C-04FD-447B-8082-46D050B9A827}
	EndGlobalSection
EndGlobal
